// !$*UTF8*$!
{
	archiveVersion = 1;
	classes = {
	};
	objectVersion = 48;
	objects = {

/* Begin PBXBuildFile section */
		6E30B6722342E0DC0097A92C /* main.c in Sources */ = {isa = PBXBuildFile; fileRef = 6E30B66F2342E0DC0097A92C /* main.c */; };
		6E30B679234366A00097A92C /* Parser.c in Sources */ = {isa = PBXBuildFile; fileRef = 6E30B677234366A00097A92C /* Parser.c */; };
		6E30B67C2343763C0097A92C /* ExecuteCommand.c in Sources */ = {isa = PBXBuildFile; fileRef = 6E30B67A2343763C0097A92C /* ExecuteCommand.c */; };
		6E30B67F234379E50097A92C /* Header.c in Sources */ = {isa = PBXBuildFile; fileRef = 6E30B67E234379E50097A92C /* Header.c */; };
/* End PBXBuildFile section */

/* Begin PBXCopyFilesBuildPhase section */
		6E6F05072339BAB400A08DCE /* CopyFiles */ = {
			isa = PBXCopyFilesBuildPhase;
			buildActionMask = 2147483647;
			dstPath = /usr/share/man/man1/;
			dstSubfolderSpec = 0;
			files = (
			);
			runOnlyForDeploymentPostprocessing = 1;
		};
/* End PBXCopyFilesBuildPhase section */

/* Begin PBXFileReference section */
		6E30B66F2342E0DC0097A92C /* main.c */ = {isa = PBXFileReference; fileEncoding = 4; lastKnownFileType = sourcecode.c.c; path = main.c; sourceTree = "<group>"; };
		6E30B6732342E1050097A92C /* StudyMaterial.cpp */ = {isa = PBXFileReference; lastKnownFileType = sourcecode.cpp.cpp; path = StudyMaterial.cpp; sourceTree = "<group>"; };
		6E30B677234366A00097A92C /* Parser.c */ = {isa = PBXFileReference; lastKnownFileType = sourcecode.c.c; path = Parser.c; sourceTree = "<group>"; };
		6E30B678234366A00097A92C /* Parser.h */ = {isa = PBXFileReference; lastKnownFileType = sourcecode.c.h; path = Parser.h; sourceTree = "<group>"; };
		6E30B67A2343763C0097A92C /* ExecuteCommand.c */ = {isa = PBXFileReference; lastKnownFileType = sourcecode.c.c; path = ExecuteCommand.c; sourceTree = "<group>"; };
		6E30B67B2343763C0097A92C /* ExecuteCommand.h */ = {isa = PBXFileReference; lastKnownFileType = sourcecode.c.h; path = ExecuteCommand.h; sourceTree = "<group>"; };
		6E30B67D234377240097A92C /* Header.h */ = {isa = PBXFileReference; lastKnownFileType = sourcecode.c.h; path = Header.h; sourceTree = "<group>"; };
		6E30B67E234379E50097A92C /* Header.c */ = {isa = PBXFileReference; lastKnownFileType = sourcecode.c.c; path = Header.c; sourceTree = "<group>"; };
		6E6F05092339BAB400A08DCE /* BuildingShell */ = {isa = PBXFileReference; explicitFileType = "compiled.mach-o.executable"; includeInIndex = 0; path = BuildingShell; sourceTree = BUILT_PRODUCTS_DIR; };
/* End PBXFileReference section */

/* Begin PBXFrameworksBuildPhase section */
		6E6F05062339BAB400A08DCE /* Frameworks */ = {
			isa = PBXFrameworksBuildPhase;
			buildActionMask = 2147483647;
			files = (
			);
			runOnlyForDeploymentPostprocessing = 0;
		};
/* End PBXFrameworksBuildPhase section */

/* Begin PBXGroup section */
		6E6F05002339BAB400A08DCE = {
			isa = PBXGroup;
			children = (
				6E6F050B2339BAB400A08DCE /* BuildingShell */,
				6E6F050A2339BAB400A08DCE /* Products */,
			);
			sourceTree = "<group>";
		};
		6E6F050A2339BAB400A08DCE /* Products */ = {
			isa = PBXGroup;
			children = (
				6E6F05092339BAB400A08DCE /* BuildingShell */,
			);
			name = Products;
			sourceTree = "<group>";
		};
		6E6F050B2339BAB400A08DCE /* BuildingShell */ = {
			isa = PBXGroup;
			children = (
				6E30B66F2342E0DC0097A92C /* main.c */,
				6E30B677234366A00097A92C /* Parser.c */,
				6E30B678234366A00097A92C /* Parser.h */,
				6E30B6732342E1050097A92C /* StudyMaterial.cpp */,
				6E30B67A2343763C0097A92C /* ExecuteCommand.c */,
				6E30B67B2343763C0097A92C /* ExecuteCommand.h */,
				6E30B67D234377240097A92C /* Header.h */,
				6E30B67E234379E50097A92C /* Header.c */,
			);
			path = BuildingShell;
			sourceTree = "<group>";
		};
/* End PBXGroup section */

/* Begin PBXNativeTarget section */
		6E6F05082339BAB400A08DCE /* BuildingShell */ = {
			isa = PBXNativeTarget;
			buildConfigurationList = 6E6F05102339BAB500A08DCE /* Build configuration list for PBXNativeTarget "BuildingShell" */;
			buildPhases = (
				6E6F05052339BAB400A08DCE /* Sources */,
				6E6F05062339BAB400A08DCE /* Frameworks */,
				6E6F05072339BAB400A08DCE /* CopyFiles */,
			);
			buildRules = (
			);
			dependencies = (
			);
			name = BuildingShell;
			productName = BuildingShell;
			productReference = 6E6F05092339BAB400A08DCE /* BuildingShell */;
			productType = "com.apple.product-type.tool";
		};
/* End PBXNativeTarget section */

/* Begin PBXProject section */
		6E6F05012339BAB400A08DCE /* Project object */ = {
			isa = PBXProject;
			attributes = {
				LastUpgradeCheck = 0920;
				ORGANIZATIONNAME = Liza;
				TargetAttributes = {
					6E6F05082339BAB400A08DCE = {
						CreatedOnToolsVersion = 9.2;
						ProvisioningStyle = Automatic;
					};
				};
			};
			buildConfigurationList = 6E6F05042339BAB400A08DCE /* Build configuration list for PBXProject "BuildingShell" */;
			compatibilityVersion = "Xcode 8.0";
			developmentRegion = en;
			hasScannedForEncodings = 0;
			knownRegions = (
				en,
			);
			mainGroup = 6E6F05002339BAB400A08DCE;
			productRefGroup = 6E6F050A2339BAB400A08DCE /* Products */;
			projectDirPath = "";
			projectRoot = "";
			targets = (
				6E6F05082339BAB400A08DCE /* BuildingShell */,
			);
		};
/* End PBXProject section */

/* Begin PBXSourcesBuildPhase section */
		6E6F05052339BAB400A08DCE /* Sources */ = {
			isa = PBXSourcesBuildPhase;
			buildActionMask = 2147483647;
			files = (
				6E30B67C2343763C0097A92C /* ExecuteCommand.c in Sources */,
				6E30B6722342E0DC0097A92C /* main.c in Sources */,
				6E30B67F234379E50097A92C /* Header.c in Sources */,
				6E30B679234366A00097A92C /* Parser.c in Sources */,
			);
			runOnlyForDeploymentPostprocessing = 0;
		};
/* End PBXSourcesBuildPhase section */

/* Begin XCBuildConfiguration section */
		6E6F050E2339BAB400A08DCE /* Debug */ = {
			isa = XCBuildConfiguration;
			buildSettings = {
				ALWAYS_SEARCH_USER_PATHS = NO;
				CLANG_ANALYZER_NONNULL = YES;
				CLANG_ANALYZER_NUMBER_OBJECT_CONVERSION = YES_AGGRESSIVE;
				CLANG_CXX_LANGUAGE_STANDARD = "gnu++14";
				CLANG_CXX_LIBRARY = "libc++";
				CLANG_ENABLE_MODULES = YES;
				CLANG_ENABLE_OBJC_ARC = YES;
				CLANG_WARN_BLOCK_CAPTURE_AUTORELEASING = YES;
				CLANG_WARN_BOOL_CONVERSION = YES;
				CLANG_WARN_COMMA = YES;
				CLANG_WARN_CONSTANT_CONVERSION = YES;
				CLANG_WARN_DIRECT_OBJC_ISA_USAGE = YES_ERROR;
				CLANG_WARN_DOCUMENTATION_COMMENTS = YES;
				CLANG_WARN_EMPTY_BODY = YES;
				CLANG_WARN_ENUM_CONVERSION = YES;
				CLANG_WARN_INFINITE_RECURSION = YES;
				CLANG_WARN_INT_CONVERSION = YES;
				CLANG_WARN_NON_LITERAL_NULL_CONVERSION = YES;
				CLANG_WARN_OBJC_LITERAL_CONVERSION = YES;
				CLANG_WARN_OBJC_ROOT_CLASS = YES_ERROR;
				CLANG_WARN_RANGE_LOOP_ANALYSIS = YES;
				CLANG_WARN_STRICT_PROTOTYPES = YES;
				CLANG_WARN_SUSPICIOUS_MOVE = YES;
				CLANG_WARN_UNGUARDED_AVAILABILITY = YES_AGGRESSIVE;
				CLANG_WARN_UNREACHABLE_CODE = YES;
				CLANG_WARN__DUPLICATE_METHOD_MATCH = YES;
				CODE_SIGN_IDENTITY = "-";
				COPY_PHASE_STRIP = NO;
				DEBUG_INFORMATION_FORMAT = dwarf;
				ENABLE_STRICT_OBJC_MSGSEND = YES;
				ENABLE_TESTABILITY = YES;
				GCC_C_LANGUAGE_STANDARD = gnu11;
				GCC_DYNAMIC_NO_PIC = NO;
				GCC_NO_COMMON_BLOCKS = YES;
				GCC_OPTIMIZATION_LEVEL = 0;
				GCC_PREPROCESSOR_DEFINITIONS = (
					"DEBUG=1",
					"$(inherited)",
				);
				GCC_WARN_64_TO_32_BIT_CONVERSION = YES;
				GCC_WARN_ABOUT_RETURN_TYPE = YES_ERROR;
				GCC_WARN_UNDECLARED_SELECTOR = YES;
				GCC_WARN_UNINITIALIZED_AUTOS = YES_AGGRESSIVE;
				GCC_WARN_UNUSED_FUNCTION = YES;
				GCC_WARN_UNUSED_VARIABLE = YES;
				MACOSX_DEPLOYMENT_TARGET = 10.12;
				MTL_ENABLE_DEBUG_INFO = YES;
				ONLY_ACTIVE_ARCH = YES;
				SDKROOT = macosx;
			};
			name = Debug;
		};
		6E6F050F2339BAB400A08DCE /* Release */ = {
			isa = XCBuildConfiguration;
			buildSettings = {
				ALWAYS_SEARCH_USER_PATHS = NO;
				CLANG_ANALYZER_NONNULL = YES;
				CLANG_ANALYZER_NUMBER_OBJECT_CONVERSION = YES_AGGRESSIVE;
				CLANG_CXX_LANGUAGE_STANDARD = "gnu++14";
				CLANG_CXX_LIBRARY = "libc++";
				CLANG_ENABLE_MODULES = YES;
				CLANG_ENABLE_OBJC_ARC = YES;
				CLANG_WARN_BLOCK_CAPTURE_AUTORELEASING = YES;
				CLANG_WARN_BOOL_CONVERSION = YES;
				CLANG_WARN_COMMA = YES;
				CLANG_WARN_CONSTANT_CONVERSION = YES;
				CLANG_WARN_DIRECT_OBJC_ISA_USAGE = YES_ERROR;
				CLANG_WARN_DOCUMENTATION_COMMENTS = YES;
				CLANG_WARN_EMPTY_BODY = YES;
				CLANG_WARN_ENUM_CONVERSION = YES;
				CLANG_WARN_INFINITE_RECURSION = YES;
				CLANG_WARN_INT_CONVERSION = YES;
				CLANG_WARN_NON_LITERAL_NULL_CONVERSION = YES;
				CLANG_WARN_OBJC_LITERAL_CONVERSION = YES;
				CLANG_WARN_OBJC_ROOT_CLASS = YES_ERROR;
				CLANG_WARN_RANGE_LOOP_ANALYSIS = YES;
				CLANG_WARN_STRICT_PROTOTYPES = YES;
				CLANG_WARN_SUSPICIOUS_MOVE = YES;
				CLANG_WARN_UNGUARDED_AVAILABILITY = YES_AGGRESSIVE;
				CLANG_WARN_UNREACHABLE_CODE = YES;
				CLANG_WARN__DUPLICATE_METHOD_MATCH = YES;
				CODE_SIGN_IDENTITY = "-";
				COPY_PHASE_STRIP = NO;
				DEBUG_INFORMATION_FORMAT = "dwarf-with-dsym";
				ENABLE_NS_ASSERTIONS = NO;
				ENABLE_STRICT_OBJC_MSGSEND = YES;
				GCC_C_LANGUAGE_STANDARD = gnu11;
				GCC_NO_COMMON_BLOCKS = YES;
				GCC_WARN_64_TO_32_BIT_CONVERSION = YES;
				GCC_WARN_ABOUT_RETURN_TYPE = YES_ERROR;
				GCC_WARN_UNDECLARED_SELECTOR = YES;
				GCC_WARN_UNINITIALIZED_AUTOS = YES_AGGRESSIVE;
				GCC_WARN_UNUSED_FUNCTION = YES;
				GCC_WARN_UNUSED_VARIABLE = YES;
				MACOSX_DEPLOYMENT_TARGET = 10.12;
				MTL_ENABLE_DEBUG_INFO = NO;
				SDKROOT = macosx;
			};
			name = Release;
		};
		6E6F05112339BAB500A08DCE /* Debug */ = {
			isa = XCBuildConfiguration;
			buildSettings = {
				CODE_SIGN_STYLE = Automatic;
				PRODUCT_NAME = "$(TARGET_NAME)";
			};
			name = Debug;
		};
		6E6F05122339BAB500A08DCE /* Release */ = {
			isa = XCBuildConfiguration;
			buildSettings = {
				CODE_SIGN_STYLE = Automatic;
				PRODUCT_NAME = "$(TARGET_NAME)";
			};
			name = Release;
		};
/* End XCBuildConfiguration section */

/* Begin XCConfigurationList section */
		6E6F05042339BAB400A08DCE /* Build configuration list for PBXProject "BuildingShell" */ = {
			isa = XCConfigurationList;
			buildConfigurations = (
				6E6F050E2339BAB400A08DCE /* Debug */,
				6E6F050F2339BAB400A08DCE /* Release */,
			);
			defaultConfigurationIsVisible = 0;
			defaultConfigurationName = Release;
		};
		6E6F05102339BAB500A08DCE /* Build configuration list for PBXNativeTarget "BuildingShell" */ = {
			isa = XCConfigurationList;
			buildConfigurations = (
				6E6F05112339BAB500A08DCE /* Debug */,
				6E6F05122339BAB500A08DCE /* Release */,
			);
			defaultConfigurationIsVisible = 0;
			defaultConfigurationName = Release;
		};
/* End XCConfigurationList section */
	};
	rootObject = 6E6F05012339BAB400A08DCE /* Project object */;
}
